
Microsoft Visual Studio Solution File, Format Version 12.00
# Visual Studio Version 17
VisualStudioVersion = 17.14.36408.4 d17.14
MinimumVisualStudioVersion = 10.0.40219.1
Project("{FAE04EC0-301F-11D3-BF4B-00C04F79EFBC}") = "Seikkailijanreppu", "Seikkailijanreppu.csproj", "{DEEDB826-931B-4737-A4B9-A6B3F625C1DF}"
EndProject
Global
	GlobalSection(SolutionConfigurationPlatforms) = preSolution
		Debug|Any CPU = Debug|Any CPU
		Release|Any CPU = Release|Any CPU
	EndGlobalSection
	GlobalSection(ProjectConfigurationPlatforms) = postSolution
		{DEEDB826-931B-4737-A4B9-A6B3F625C1DF}.Debug|Any CPU.ActiveCfg = Debug|Any CPU
		{DEEDB826-931B-4737-A4B9-A6B3F625C1DF}.Debug|Any CPU.Build.0 = Debug|Any CPU
		{DEEDB826-931B-4737-A4B9-A6B3F625C1DF}.Release|Any CPU.ActiveCfg = Release|Any CPU
		{DEEDB826-931B-4737-A4B9-A6B3F625C1DF}.Release|Any CPU.Build.0 = Release|Any CPU
	EndGlobalSection
	GlobalSection(SolutionProperties) = preSolution
		HideSolutionNode = FALSE
	EndGlobalSection
	GlobalSection(ExtensibilityGlobals) = postSolution
		SolutionGuid = {5707EFDF-EBCC-478A-BBFF-8A27C173EC54}
	EndGlobalSection
EndGlobal
